
Microsoft Visual Studio Solution File, Format Version 12.00
# Visual Studio Version 16
VisualStudioVersion = 16.0.31424.327
MinimumVisualStudioVersion = 10.0.40219.1
Project("{9A19103F-16F7-4668-BE54-9A1E7A4F7556}") = "Data", "Data\Data.csproj", "{50E74E37-59A1-447A-B3F7-7358C6562286}"
EndProject
Project("{9A19103F-16F7-4668-BE54-9A1E7A4F7556}") = "TestData", "TestData\TestData.csproj", "{18EE73A8-71B2-4347-9CDD-D1DC567D2B78}"
EndProject
Project("{FAE04EC0-301F-11D3-BF4B-00C04F79EFBC}") = "API", "API\API.csproj", "{B047B68F-0BAD-415E-98CC-17E4CE0496DD}"
EndProject
Global
	GlobalSection(SolutionConfigurationPlatforms) = preSolution
		Debug|Any CPU = Debug|Any CPU
		Release|Any CPU = Release|Any CPU
	EndGlobalSection
	GlobalSection(ProjectConfigurationPlatforms) = postSolution
		{50E74E37-59A1-447A-B3F7-7358C6562286}.Debug|Any CPU.ActiveCfg = Debug|Any CPU
		{50E74E37-59A1-447A-B3F7-7358C6562286}.Debug|Any CPU.Build.0 = Debug|Any CPU
		{50E74E37-59A1-447A-B3F7-7358C6562286}.Release|Any CPU.ActiveCfg = Release|Any CPU
		{50E74E37-59A1-447A-B3F7-7358C6562286}.Release|Any CPU.Build.0 = Release|Any CPU
		{18EE73A8-71B2-4347-9CDD-D1DC567D2B78}.Debug|Any CPU.ActiveCfg = Debug|Any CPU
		{18EE73A8-71B2-4347-9CDD-D1DC567D2B78}.Debug|Any CPU.Build.0 = Debug|Any CPU
		{18EE73A8-71B2-4347-9CDD-D1DC567D2B78}.Release|Any CPU.ActiveCfg = Release|Any CPU
		{18EE73A8-71B2-4347-9CDD-D1DC567D2B78}.Release|Any CPU.Build.0 = Release|Any CPU
		{B047B68F-0BAD-415E-98CC-17E4CE0496DD}.Debug|Any CPU.ActiveCfg = Debug|Any CPU
		{B047B68F-0BAD-415E-98CC-17E4CE0496DD}.Debug|Any CPU.Build.0 = Debug|Any CPU
		{B047B68F-0BAD-415E-98CC-17E4CE0496DD}.Release|Any CPU.ActiveCfg = Release|Any CPU
		{B047B68F-0BAD-415E-98CC-17E4CE0496DD}.Release|Any CPU.Build.0 = Release|Any CPU
	EndGlobalSection
	GlobalSection(SolutionProperties) = preSolution
		HideSolutionNode = FALSE
	EndGlobalSection
	GlobalSection(ExtensibilityGlobals) = postSolution
		SolutionGuid = {FABD1827-9792-48EB-8E2A-ABCC1E465698}
	EndGlobalSection
EndGlobal
