
Microsoft Visual Studio Solution File, Format Version 12.00
# Visual Studio Version 16
VisualStudioVersion = 16.0.31624.102
MinimumVisualStudioVersion = 10.0.40219.1
Project("{9A19103F-16F7-4668-BE54-9A1E7A4F7556}") = "Estoque", "Estoque\Estoque.csproj", "{51026800-8F8F-4093-B42B-313B36691AE7}"
EndProject
Project("{FAE04EC0-301F-11D3-BF4B-00C04F79EFBC}") = "Api", "Api\Api.csproj", "{C31B1AA3-D82D-44B7-B842-E4018FC89AAA}"
EndProject
Global
	GlobalSection(SolutionConfigurationPlatforms) = preSolution
		Debug|Any CPU = Debug|Any CPU
		Release|Any CPU = Release|Any CPU
	EndGlobalSection
	GlobalSection(ProjectConfigurationPlatforms) = postSolution
		{51026800-8F8F-4093-B42B-313B36691AE7}.Debug|Any CPU.ActiveCfg = Debug|Any CPU
		{51026800-8F8F-4093-B42B-313B36691AE7}.Debug|Any CPU.Build.0 = Debug|Any CPU
		{51026800-8F8F-4093-B42B-313B36691AE7}.Release|Any CPU.ActiveCfg = Release|Any CPU
		{51026800-8F8F-4093-B42B-313B36691AE7}.Release|Any CPU.Build.0 = Release|Any CPU
		{C31B1AA3-D82D-44B7-B842-E4018FC89AAA}.Debug|Any CPU.ActiveCfg = Debug|Any CPU
		{C31B1AA3-D82D-44B7-B842-E4018FC89AAA}.Debug|Any CPU.Build.0 = Debug|Any CPU
		{C31B1AA3-D82D-44B7-B842-E4018FC89AAA}.Release|Any CPU.ActiveCfg = Release|Any CPU
		{C31B1AA3-D82D-44B7-B842-E4018FC89AAA}.Release|Any CPU.Build.0 = Release|Any CPU
	EndGlobalSection
	GlobalSection(SolutionProperties) = preSolution
		HideSolutionNode = FALSE
	EndGlobalSection
	GlobalSection(ExtensibilityGlobals) = postSolution
		SolutionGuid = {EC919CFC-FF44-400C-8970-43B8817728EE}
	EndGlobalSection
EndGlobal
